
Microsoft Visual Studio Solution File, Format Version 12.00
# Visual Studio Version 16
VisualStudioVersion = 16.0.30523.141
MinimumVisualStudioVersion = 10.0.40219.1
Project("{FAE04EC0-301F-11D3-BF4B-00C04F79EFBC}") = "TimeManager", "TimeManager\TimeManager.csproj", "{0AC88D1C-4B09-4A53-BE0A-01E6FAAB82C0}"
EndProject
Project("{FAE04EC0-301F-11D3-BF4B-00C04F79EFBC}") = "TimeManager.Models", "TimeManager.Models\TimeManager.Models.csproj", "{3290E77D-E09B-4401-B11E-746CD9FF1C69}"
EndProject
Project("{FAE04EC0-301F-11D3-BF4B-00C04F79EFBC}") = "TimeManager.Storage", "TimeManager.Storage\TimeManager.Storage.csproj", "{327AA027-ABBB-4895-90ED-542DD6D97B89}"
EndProject
Project("{FAE04EC0-301F-11D3-BF4B-00C04F79EFBC}") = "TimeManager.Abstracts", "TimeManager.Abstract\TimeManager.Abstracts.csproj", "{28803181-B040-40A5-A561-25B6B3F86AC2}"
EndProject
Project("{FAE04EC0-301F-11D3-BF4B-00C04F79EFBC}") = "SourceWeave.Controls", "SourceWeave.Controls\SourceWeave.Controls.csproj", "{7286E3A4-21F9-45DA-A0CD-2B2037289F99}"
EndProject
Project("{FAE04EC0-301F-11D3-BF4B-00C04F79EFBC}") = "TimeManager.Tests", "TimeManager.Tests\TimeManager.Tests.csproj", "{EC525710-3396-4BB7-A737-253796920D1C}"
EndProject
Global
	GlobalSection(SolutionConfigurationPlatforms) = preSolution
		Debug|Any CPU = Debug|Any CPU
		Release|Any CPU = Release|Any CPU
	EndGlobalSection
	GlobalSection(ProjectConfigurationPlatforms) = postSolution
		{0AC88D1C-4B09-4A53-BE0A-01E6FAAB82C0}.Debug|Any CPU.ActiveCfg = Debug|Any CPU
		{0AC88D1C-4B09-4A53-BE0A-01E6FAAB82C0}.Debug|Any CPU.Build.0 = Debug|Any CPU
		{0AC88D1C-4B09-4A53-BE0A-01E6FAAB82C0}.Release|Any CPU.ActiveCfg = Release|Any CPU
		{0AC88D1C-4B09-4A53-BE0A-01E6FAAB82C0}.Release|Any CPU.Build.0 = Release|Any CPU
		{3290E77D-E09B-4401-B11E-746CD9FF1C69}.Debug|Any CPU.ActiveCfg = Debug|Any CPU
		{3290E77D-E09B-4401-B11E-746CD9FF1C69}.Debug|Any CPU.Build.0 = Debug|Any CPU
		{3290E77D-E09B-4401-B11E-746CD9FF1C69}.Release|Any CPU.ActiveCfg = Release|Any CPU
		{3290E77D-E09B-4401-B11E-746CD9FF1C69}.Release|Any CPU.Build.0 = Release|Any CPU
		{327AA027-ABBB-4895-90ED-542DD6D97B89}.Debug|Any CPU.ActiveCfg = Debug|Any CPU
		{327AA027-ABBB-4895-90ED-542DD6D97B89}.Debug|Any CPU.Build.0 = Debug|Any CPU
		{327AA027-ABBB-4895-90ED-542DD6D97B89}.Release|Any CPU.ActiveCfg = Release|Any CPU
		{327AA027-ABBB-4895-90ED-542DD6D97B89}.Release|Any CPU.Build.0 = Release|Any CPU
		{28803181-B040-40A5-A561-25B6B3F86AC2}.Debug|Any CPU.ActiveCfg = Debug|Any CPU
		{28803181-B040-40A5-A561-25B6B3F86AC2}.Debug|Any CPU.Build.0 = Debug|Any CPU
		{28803181-B040-40A5-A561-25B6B3F86AC2}.Release|Any CPU.ActiveCfg = Release|Any CPU
		{28803181-B040-40A5-A561-25B6B3F86AC2}.Release|Any CPU.Build.0 = Release|Any CPU
		{7286E3A4-21F9-45DA-A0CD-2B2037289F99}.Debug|Any CPU.ActiveCfg = Debug|Any CPU
		{7286E3A4-21F9-45DA-A0CD-2B2037289F99}.Debug|Any CPU.Build.0 = Debug|Any CPU
		{7286E3A4-21F9-45DA-A0CD-2B2037289F99}.Release|Any CPU.ActiveCfg = Release|Any CPU
		{7286E3A4-21F9-45DA-A0CD-2B2037289F99}.Release|Any CPU.Build.0 = Release|Any CPU
		{EC525710-3396-4BB7-A737-253796920D1C}.Debug|Any CPU.ActiveCfg = Debug|Any CPU
		{EC525710-3396-4BB7-A737-253796920D1C}.Debug|Any CPU.Build.0 = Debug|Any CPU
		{EC525710-3396-4BB7-A737-253796920D1C}.Release|Any CPU.ActiveCfg = Release|Any CPU
		{EC525710-3396-4BB7-A737-253796920D1C}.Release|Any CPU.Build.0 = Release|Any CPU
	EndGlobalSection
	GlobalSection(SolutionProperties) = preSolution
		HideSolutionNode = FALSE
	EndGlobalSection
	GlobalSection(ExtensibilityGlobals) = postSolution
		SolutionGuid = {BCFB46B8-EE8A-4843-B3D9-9F27554D570C}
	EndGlobalSection
EndGlobal
